github.com/go-jose/go-jose/v4 v4.1.5 h1:RjgjO2LOtWOJKUC5wpwY9LR3B3vwVAz6JS2YHfYU6eA=
github.com/go-jose/go-jose/v4 v4.1.5/go.mod h1:x4oUasVrzR7071A4TnHLGSPpNOm2a21K9Kf04k1rs08=
github.com/go-openapi/testify v0.0.0-20251001202347-e909893202bd h1:+xqXbJEPxWM3YMAJ7yKV2FyqC/V/Dn8XggLC4tsMBXo=
github.com/go-openapi/testify v0.0.0-20251001202347-e909893202bd/go.mod h1:Eo7DE2AKidl1U1diMDA05WiNks99vsR7HUun6G6Vob4=
